
Microsoft Visual Studio Solution File, Format Version 12.00
# Visual Studio Version 17
VisualStudioVersion = 17.8.34525.116
MinimumVisualStudioVersion = 10.0.40219.1
Project("{FAE04EC0-301F-11D3-BF4B-00C04F79EFBC}") = "WebApi", "WebApi\WebApi.csproj", "{A2179DF6-F674-412D-84BA-8201AEC4FE22}"
EndProject
Global
	GlobalSection(SolutionConfigurationPlatforms) = preSolution
		Debug|Any CPU = Debug|Any CPU
		Release|Any CPU = Release|Any CPU
	EndGlobalSection
	GlobalSection(ProjectConfigurationPlatforms) = postSolution
		{A2179DF6-F674-412D-84BA-8201AEC4FE22}.Debug|Any CPU.ActiveCfg = Debug|Any CPU
		{A2179DF6-F674-412D-84BA-8201AEC4FE22}.Debug|Any CPU.Build.0 = Debug|Any CPU
		{A2179DF6-F674-412D-84BA-8201AEC4FE22}.Release|Any CPU.ActiveCfg = Release|Any CPU
		{A2179DF6-F674-412D-84BA-8201AEC4FE22}.Release|Any CPU.Build.0 = Release|Any CPU
	EndGlobalSection
	GlobalSection(SolutionProperties) = preSolution
		HideSolutionNode = FALSE
	EndGlobalSection
	GlobalSection(ExtensibilityGlobals) = postSolution
		SolutionGuid = {14D9B275-DF2C-49CB-850E-DDF7DF6C64C9}
	EndGlobalSection
EndGlobal
